# Prisma Migrate lockfile v1

20210714144423
20210824141925-add_test_practice
20210903045000-short_structure
20210928103231-update-post
20211018093350-update-business-client
20211124152913-coursevisit_comment
20220114161959-update-tests
20220118154331-add-promocode
20220118154553-update-promocode
20220124125406-add-certs
20220215101712-community-member
20220215104739-update-community-member
20220218132501-add-check-option
20220305181844-statement-answered-boolean-add
20220305182124-answered-set-default
20220309120217-add-post-language
20220321103253-add-number-to-user-model
20220425144327-cllick_links_notes
20220425150205-chat-clicks
20220526083337-gamification
20220526084004-change
20220616132214-change-problem-structure
20220616185417-remoce-cuid
20220618162141-miniforum
20220618184320-fix-miniforums
20220630105543-update-construction
20220630124852-elements-to-structure-in-construction
20220630135125-fix-construction
20220704135605-tags
20220721110224-lawrdle
20220721112119-llawrddle
20220721112556-
20220722084327-promotion-pages-update
20220722092417-add-image-to-useful
20220722150117-link-lawrdle
20220723154221-blog-course-page
20220802132710-business-client-update
20220804191133-messages
20220805074356-add-comment-to-user
20220808142404-update-course-for-landing
20220809070212-currency
20220812171145-installments
20220815175027-add-messages-to-user
20220829131715-hidden-lessons
20220909090600-text-editor-result_upddate
20220909092402-
20221013132923-programs
20221110122255-test_game
20221115123933-traffic
20221129112822-teams
20221129113513-
20221129115302-my_teams
20221208152720-offers
20221208180035-course_view
20221209071809-course_countries
20230103092733-crm_update
20230110120645-prices
20230124111645-modules2
20230301080117-bot-dialogue
20230301084115-
20230302132944-useful-update
20230314142103-active_student_status
20230317155253-score
20230317171132-referal
20230320133133-boot-source