# Prisma Migrate lockfile v1

20210112101132-first
20210112102848-errors-fix
20210212102231-add-chats
20210212103137
20210212103333
20210212131203-chat--update
20210213093918-add-complexity-field
20210213094748-complexity---1
20210312101938-business_client
20210312102051-business_client2
20210329122811-construction-update
20210402091647-add-comments-to-statements
20210414145838-add-images-to-lessons
20210607113549-conf_user
20210607113917-conf_user_update