# Prisma Migrate lockfile v1

20210714144423
20210824141925-add_test_practice
20210903045000-short_structure
20210928103231-update-post
20211018093350-update-business-client
20211124152913-coursevisit_comment
20220114161959-update-tests
20220118154331-add-promocode
20220118154553-update-promocode
20220124125406-add-certs
20220215101712-community-member
20220215104739-update-community-member
20220218132501-add-check-option
20220305181844-statement-answered-boolean-add
20220305182124-answered-set-default
20220309120217-add-post-language
20220321103253-add-number-to-user-model
20220425144327-cllick_links_notes
20220425150205-chat-clicks
20220526083337-gamification
20220526084004-change